
Microsoft Visual Studio Solution File, Format Version 12.00
# Visual Studio Version 17
VisualStudioVersion = 17.6.33829.357
MinimumVisualStudioVersion = 10.0.40219.1
Project("{FAE04EC0-301F-11D3-BF4B-00C04F79EFBC}") = "sum of array using loop", "sum of array using loop.csproj", "{04D9CF1A-3C22-4CDD-BDBF-52E9C2046509}"
EndProject
Global
	GlobalSection(SolutionConfigurationPlatforms) = preSolution
		Debug|Any CPU = Debug|Any CPU
		Release|Any CPU = Release|Any CPU
	EndGlobalSection
	GlobalSection(ProjectConfigurationPlatforms) = postSolution
		{04D9CF1A-3C22-4CDD-BDBF-52E9C2046509}.Debug|Any CPU.ActiveCfg = Debug|Any CPU
		{04D9CF1A-3C22-4CDD-BDBF-52E9C2046509}.Debug|Any CPU.Build.0 = Debug|Any CPU
		{04D9CF1A-3C22-4CDD-BDBF-52E9C2046509}.Release|Any CPU.ActiveCfg = Release|Any CPU
		{04D9CF1A-3C22-4CDD-BDBF-52E9C2046509}.Release|Any CPU.Build.0 = Release|Any CPU
	EndGlobalSection
	GlobalSection(SolutionProperties) = preSolution
		HideSolutionNode = FALSE
	EndGlobalSection
	GlobalSection(ExtensibilityGlobals) = postSolution
		SolutionGuid = {9E857B14-3968-455E-8744-45343DC199EF}
	EndGlobalSection
EndGlobal
